
Microsoft Visual Studio Solution File, Format Version 12.00
# Visual Studio Version 17
VisualStudioVersion = 17.3.32929.385
MinimumVisualStudioVersion = 10.0.40219.1
Project("{FAE04EC0-301F-11D3-BF4B-00C04F79EFBC}") = "FoodBuddy", "FoodBuddy.csproj", "{4C5279DF-71A9-40AA-8533-E7319933BEAE}"
EndProject
Global
	GlobalSection(SolutionConfigurationPlatforms) = preSolution
		Debug|Any CPU = Debug|Any CPU
		Release|Any CPU = Release|Any CPU
	EndGlobalSection
	GlobalSection(ProjectConfigurationPlatforms) = postSolution
		{4C5279DF-71A9-40AA-8533-E7319933BEAE}.Debug|Any CPU.ActiveCfg = Debug|Any CPU
		{4C5279DF-71A9-40AA-8533-E7319933BEAE}.Debug|Any CPU.Build.0 = Debug|Any CPU
		{4C5279DF-71A9-40AA-8533-E7319933BEAE}.Release|Any CPU.ActiveCfg = Release|Any CPU
		{4C5279DF-71A9-40AA-8533-E7319933BEAE}.Release|Any CPU.Build.0 = Release|Any CPU
	EndGlobalSection
	GlobalSection(SolutionProperties) = preSolution
		HideSolutionNode = FALSE
	EndGlobalSection
	GlobalSection(ExtensibilityGlobals) = postSolution
		SolutionGuid = {BDCE9099-357A-4623-BC59-1ADFB92A0B0A}
	EndGlobalSection
EndGlobal
